{
  "name": "package-testing",
  "version": "1.0.0",
  "lockfileVersion": 1,
  "requires": true,
  "dependencies": {
    "ardhi-calculator": {
      "version": "1.0.3",
      "resolved": "https://registry.npmjs.org/ardhi-calculator/-/ardhi-calculator-1.0.3.tgz",
      "integrity": "sha512-ZCT/OpqWGwWfRrIsRfO5wyZ0VTEgEneCxuLiu3k1h520+Q8kvoutKKd39EsHaU9+7gkd05SqHJ2C7fvJugvHbQ=="
    }
  }
}
