{
  "name": "use-calc-day2",
  "version": "1.0.0",
  "lockfileVersion": 1,
  "requires": true,
  "dependencies": {
    "calc-day2": {
      "version": "1.0.1",
      "resolved": "https://registry.npmjs.org/calc-day2/-/calc-day2-1.0.1.tgz",
      "integrity": "sha512-8nlqdOqTImIgLiKVvSglzK1TDF412oOU99Z86jAjhySA+6qnUpjampDf7BRdH48CPzZQjYmj20+VJQLYiEkf0w=="
    }
  }
}
